{
  "name": "react-native-sdk-booking-v1",
  "version": "0.0.2",
  "lockfileVersion": 1,
  "requires": true,
  "dependencies": {
    "@egjs/hammerjs": {
      "version": "2.0.17",
      "resolved": "https://registry.npmjs.org/@egjs/hammerjs/-/hammerjs-2.0.17.tgz",
      "integrity": "sha512-XQsZgjm2EcVUiZQf11UBJQfmZeEmOW8DpI1gsFeln6w0ae0ii4dMQEQ0kjl6DspdWX1aGY1/loyXnP0JS06e/A==",
      "requires": {
        "@types/hammerjs": "^2.0.36"
      }
    },
    "@momo-platform/component-kits": {
      "version": "1.3.26",
      "resolved": "https://registry.npmjs.org/@momo-platform/component-kits/-/component-kits-1.3.26.tgz",
      "integrity": "sha512-IUAfdkkBf4IKN0UwqCt+0kqe//ZBhS4PyOWB59Us5UKYD5AXJb4rsLZLk1ilxxvWw6RjtZ5J7mXdVQ8rUyFdgg==",
      "requires": {
        "@react-native-community/art": "^1.2.0",
        "@react-native-community/image-editor": "^2.3.0",
        "@react-native-community/masked-view": "^0.1.6",
        "@react-native-community/viewpager": "^2.0.1",
        "@react-navigation/bottom-tabs": "git+https://gitlab.com/momo-platform/bottom-tabs.git#master",
        "@react-navigation/core": "git+https://gitlab.com/momo-platform/navigation-core.git#master",
        "@react-navigation/native": "git+https://gitlab.com/momo-platform/navigation-native.git#master",
        "@react-navigation/routers": "git+https://gitlab.com/momo-platform/navigation-routers.git#master",
        "@react-navigation/stack": "git+https://gitlab.com/momo-platform/navigation-stack.git#master",
        "d3-shape": "^1.3.7",
        "entities": "1.1.1",
        "htmlparser2-without-node-native": "^3.9.2",
        "lottie-ios": "3.1.3",
        "lottie-react-native": "^3.3.2",
        "moment": "^2.24.0",
        "react-addons-shallow-compare": "^15.6.2",
        "react-native-camera-kit": "^8.0.4",
        "react-native-fast-image": "8.3.0",
        "react-native-gesture-handler": "^1.5.5",
        "react-native-image-pan-zoom": "2.1.12",
        "react-native-linear-gradient": "2.5.6",
        "react-native-progress": "^4.0.3",
        "react-native-reanimated": "^1.7.0",
        "react-native-root-siblings": "^3.2.2",
        "react-native-safe-area-context": "^0.6.4",
        "react-native-screens": "2.4.0",
        "react-native-svg": "^11.0.1"
      }
    },
    "@react-native-community/art": {
      "version": "1.2.0",
      "resolved": "https://registry.npmjs.org/@react-native-community/art/-/art-1.2.0.tgz",
      "integrity": "sha512-a+ZcRGl/BzLa89yi33Mbn5SHavsEXqKUMdbfLf3U8MDLElndPqUetoJyGkv63+BcPO49UMWiQRP1YUz6/zfJ+A==",
      "requires": {
        "art": "^0.10.3",
        "invariant": "^2.2.4",
        "prop-types": "^15.7.2"
      }
    },
    "@react-native-community/image-editor": {
      "version": "2.3.0",
      "resolved": "https://registry.npmjs.org/@react-native-community/image-editor/-/image-editor-2.3.0.tgz",
      "integrity": "sha512-+UJY8WkTkfSkjoU5blQnEI7tTg11jJLoM+YojjiQpEopUaRlYQU4SZ9Zd6F6wWfvc9bjvIeMY6FlKuESK/q4fQ=="
    },
    "@react-native-community/masked-view": {
      "version": "0.1.11",
      "resolved": "https://registry.npmjs.org/@react-native-community/masked-view/-/masked-view-0.1.11.tgz",
      "integrity": "sha512-rQfMIGSR/1r/SyN87+VD8xHHzDYeHaJq6elOSCAD+0iLagXkSI2pfA0LmSXP21uw5i3em7GkkRjfJ8wpqWXZNw=="
    },
    "@react-native-community/viewpager": {
      "version": "2.0.2",
      "resolved": "https://registry.npmjs.org/@react-native-community/viewpager/-/viewpager-2.0.2.tgz",
      "integrity": "sha512-CKVhIZdX/Cmb80muog8sKpi5vM8npwFp4tx4Dj1IvTBidZweuO22+VH2rDOj7E0LzdV9IYRJ4FGBwcPBD2qUrQ=="
    },
    "@react-navigation/bottom-tabs": {
      "version": "git+https://gitlab.com/momo-platform/bottom-tabs.git#b32b38f1e3e2d91df8aa473847a6c4b13a464564",
      "from": "git+https://gitlab.com/momo-platform/bottom-tabs.git#master",
      "requires": {
        "color": "^3.1.2",
        "react-native-iphone-x-helper": "^1.2.1"
      }
    },
    "@react-navigation/core": {
      "version": "git+https://gitlab.com/momo-platform/navigation-core.git#7c26aab9bdd5ae9d8d31d7d22798a60bd7e339ef",
      "from": "git+https://gitlab.com/momo-platform/navigation-core.git#master",
      "requires": {
        "@react-navigation/routers": "5.4.7",
        "escape-string-regexp": "^4.0.0",
        "nanoid": "^3.1.5",
        "query-string": "^6.12.1",
        "react-is": "^16.13.0",
        "use-subscription": "^1.4.0"
      }
    },
    "@react-navigation/native": {
      "version": "git+https://gitlab.com/momo-platform/navigation-native.git#f2e4ab7c495bc2f668b6e86ca8f61bdfc1855452",
      "from": "git+https://gitlab.com/momo-platform/navigation-native.git#master",
      "requires": {
        "@react-navigation/core": "5.9.0"
      }
    },
    "@react-navigation/routers": {
      "version": "git+https://gitlab.com/momo-platform/navigation-routers.git#a03cf6dafd166131763614fb300ed45c9fe62cb3",
      "from": "git+https://gitlab.com/momo-platform/navigation-routers.git#master",
      "requires": {
        "nanoid": "^3.1.5"
      }
    },
    "@react-navigation/stack": {
      "version": "git+https://gitlab.com/momo-platform/navigation-stack.git#87b05e376636b534f54729549cab878cfff42f52",
      "from": "git+https://gitlab.com/momo-platform/navigation-stack.git#master",
      "requires": {
        "color": "^3.1.2",
        "react-native-iphone-x-helper": "^1.2.1"
      }
    },
    "@types/hammerjs": {
      "version": "2.0.41",
      "resolved": "https://registry.npmjs.org/@types/hammerjs/-/hammerjs-2.0.41.tgz",
      "integrity": "sha512-ewXv/ceBaJprikMcxCmWU1FKyMAQ2X7a9Gtmzw8fcg2kIePI1crERDM818W+XYrxqdBBOdlf2rm137bU+BltCA=="
    },
    "art": {
      "version": "0.10.3",
      "resolved": "https://registry.npmjs.org/art/-/art-0.10.3.tgz",
      "integrity": "sha512-HXwbdofRTiJT6qZX/FnchtldzJjS3vkLJxQilc3Xj+ma2MXjY4UAyQ0ls1XZYVnDvVIBiFZbC6QsvtW86TD6tQ=="
    },
    "asap": {
      "version": "2.0.6",
      "resolved": "https://registry.npmjs.org/asap/-/asap-2.0.6.tgz",
      "integrity": "sha512-BSHWgDSAiKs50o2Re8ppvp3seVHXSRM44cdSsT9FfNEUUZLOGWVCsiWaRPWM1Znn+mqZ1OfVZ3z3DWEzSp7hRA=="
    },
    "boolbase": {
      "version": "1.0.0",
      "resolved": "https://registry.npmjs.org/boolbase/-/boolbase-1.0.0.tgz",
      "integrity": "sha512-JZOSA7Mo9sNGB8+UjSgzdLtokWAky1zbztM3WRLCbZ70/3cTANmQmOdR7y2g+J0e2WXywy1yS468tY+IruqEww=="
    },
    "color": {
      "version": "3.2.1",
      "resolved": "https://registry.npmjs.org/color/-/color-3.2.1.tgz",
      "integrity": "sha512-aBl7dZI9ENN6fUGC7mWpMTPNHmWUSNan9tuWN6ahh5ZLNk9baLJOnSMlrQkHcrfFgz2/RigjUVAjdx36VcemKA==",
      "requires": {
        "color-convert": "^1.9.3",
        "color-string": "^1.6.0"
      }
    },
    "color-convert": {
      "version": "1.9.3",
      "resolved": "https://registry.npmjs.org/color-convert/-/color-convert-1.9.3.tgz",
      "integrity": "sha512-QfAUtd+vFdAtFQcC8CCyYt1fYWxSqAiK2cSD6zDB8N3cpsEBAvRxp9zOGg6G/SHHJYAT88/az/IuDGALsNVbGg==",
      "requires": {
        "color-name": "1.1.3"
      }
    },
    "color-name": {
      "version": "1.1.3",
      "resolved": "https://registry.npmjs.org/color-name/-/color-name-1.1.3.tgz",
      "integrity": "sha512-72fSenhMw2HZMTVHeCA9KCmpEIbzWiQsjN+BHcBbS9vr1mtt+vJjPdksIBNUmKAW8TFUDPJK5SUU3QhE9NEXDw=="
    },
    "color-string": {
      "version": "1.9.1",
      "resolved": "https://registry.npmjs.org/color-string/-/color-string-1.9.1.tgz",
      "integrity": "sha512-shrVawQFojnZv6xM40anx4CkoDP+fZsw/ZerEMsW/pyzsRbElpsL/DBVW7q3ExxwusdNXI3lXpuhEZkzs8p5Eg==",
      "requires": {
        "color-name": "^1.0.0",
        "simple-swizzle": "^0.2.2"
      }
    },
    "core-js": {
      "version": "2.6.12",
      "resolved": "https://registry.npmjs.org/core-js/-/core-js-2.6.12.tgz",
      "integrity": "sha512-Kb2wC0fvsWfQrgk8HU5lW6U/Lcs8+9aaYcy4ZFc6DDlo4nZ7n70dEgE5rtR0oG6ufKDUnrwfWL1mXR5ljDatrQ=="
    },
    "core-util-is": {
      "version": "1.0.3",
      "resolved": "https://registry.npmjs.org/core-util-is/-/core-util-is-1.0.3.tgz",
      "integrity": "sha512-ZQBvi1DcpJ4GDqanjucZ2Hj3wEO5pZDS89BWbkcrvdxksJorwUDDZamX9ldFkp9aw2lmBDLgkObEA4DWNJ9FYQ=="
    },
    "cross-fetch": {
      "version": "3.1.5",
      "resolved": "https://registry.npmjs.org/cross-fetch/-/cross-fetch-3.1.5.tgz",
      "integrity": "sha512-lvb1SBsI0Z7GDwmuid+mU3kWVBwTVUbe7S0H52yaaAdQOXq2YktTCZdlAcNKFzE6QtRz0snpw9bNiPeOIkkQvw==",
      "requires": {
        "node-fetch": "2.6.7"
      }
    },
    "css-select": {
      "version": "2.1.0",
      "resolved": "https://registry.npmjs.org/css-select/-/css-select-2.1.0.tgz",
      "integrity": "sha512-Dqk7LQKpwLoH3VovzZnkzegqNSuAziQyNZUcrdDM401iY+R5NkGBXGmtO05/yaXQziALuPogeG0b7UAgjnTJTQ==",
      "requires": {
        "boolbase": "^1.0.0",
        "css-what": "^3.2.1",
        "domutils": "^1.7.0",
        "nth-check": "^1.0.2"
      }
    },
    "css-tree": {
      "version": "1.1.3",
      "resolved": "https://registry.npmjs.org/css-tree/-/css-tree-1.1.3.tgz",
      "integrity": "sha512-tRpdppF7TRazZrjJ6v3stzv93qxRcSsFmW6cX0Zm2NVKpxE1WV1HblnghVv9TreireHkqI/VDEsfolRF1p6y7Q==",
      "requires": {
        "mdn-data": "2.0.14",
        "source-map": "^0.6.1"
      }
    },
    "css-what": {
      "version": "3.4.2",
      "resolved": "https://registry.npmjs.org/css-what/-/css-what-3.4.2.tgz",
      "integrity": "sha512-ACUm3L0/jiZTqfzRM3Hi9Q8eZqd6IK37mMWPLz9PJxkLWllYeRf+EHUSHYEtFop2Eqytaq1FizFVh7XfBnXCDQ=="
    },
    "d3-path": {
      "version": "1.0.9",
      "resolved": "https://registry.npmjs.org/d3-path/-/d3-path-1.0.9.tgz",
      "integrity": "sha512-VLaYcn81dtHVTjEHd8B+pbe9yHWpXKZUC87PzoFmsFrJqgFwDe/qxfp5MlfsfM1V5E/iVt0MmEbWQ7FVIXh/bg=="
    },
    "d3-shape": {
      "version": "1.3.7",
      "resolved": "https://registry.npmjs.org/d3-shape/-/d3-shape-1.3.7.tgz",
      "integrity": "sha512-EUkvKjqPFUAZyOlhY5gzCxCeI0Aep04LwIRpsZ/mLFelJiUfnK56jo5JMDSE7yyP2kLSb6LtF+S5chMk7uqPqw==",
      "requires": {
        "d3-path": "1"
      }
    },
    "debounce": {
      "version": "1.2.1",
      "resolved": "https://registry.npmjs.org/debounce/-/debounce-1.2.1.tgz",
      "integrity": "sha512-XRRe6Glud4rd/ZGQfiV1ruXSfbvfJedlV9Y6zOlP+2K04vBYiJEte6stfFkCP03aMnY5tsipamumUjL14fofug=="
    },
    "decode-uri-component": {
      "version": "0.2.2",
      "resolved": "https://registry.npmjs.org/decode-uri-component/-/decode-uri-component-0.2.2.tgz",
      "integrity": "sha512-FqUYQ+8o158GyGTrMFJms9qh3CqTKvAqgqsTnkLI8sKu0028orqBhxNMFkFen0zGyg6epACD32pjVk58ngIErQ=="
    },
    "dedent": {
      "version": "0.6.0",
      "resolved": "https://registry.npmjs.org/dedent/-/dedent-0.6.0.tgz",
      "integrity": "sha512-cSfRWjXJtZQeRuZGVvDrJroCR5V2UvBNUMHsPCdNYzuAG8b9V8aAy3KUcdQrGQPXs17Y+ojbPh1aOCplg9YR9g=="
    },
    "dom-serializer": {
      "version": "0.2.2",
      "resolved": "https://registry.npmjs.org/dom-serializer/-/dom-serializer-0.2.2.tgz",
      "integrity": "sha512-2/xPb3ORsQ42nHYiSunXkDjPLBaEj/xTwUO4B7XCZQTRk7EBtTOPaygh10YAAh2OI1Qrp6NWfpAhzswj0ydt9g==",
      "requires": {
        "domelementtype": "^2.0.1",
        "entities": "^2.0.0"
      },
      "dependencies": {
        "domelementtype": {
          "version": "2.3.0",
          "resolved": "https://registry.npmjs.org/domelementtype/-/domelementtype-2.3.0.tgz",
          "integrity": "sha512-OLETBj6w0OsagBwdXnPdN0cnMfF9opN69co+7ZrbfPGrdpPVNBUj02spi6B1N7wChLQiPn4CSH/zJvXw56gmHw=="
        },
        "entities": {
          "version": "2.2.0",
          "resolved": "https://registry.npmjs.org/entities/-/entities-2.2.0.tgz",
          "integrity": "sha512-p92if5Nz619I0w+akJrLZH0MX0Pb5DX39XOwQTtXSdQQOaYH03S1uIQp4mhOZtAXrxq4ViO67YTiLBo2638o9A=="
        }
      }
    },
    "domelementtype": {
      "version": "1.3.1",
      "resolved": "https://registry.npmjs.org/domelementtype/-/domelementtype-1.3.1.tgz",
      "integrity": "sha512-BSKB+TSpMpFI/HOxCNr1O8aMOTZ8hT3pM3GQ0w/mWRmkhEDSFJkkyzz4XQsBV44BChwGkrDfMyjVD0eA2aFV3w=="
    },
    "domhandler": {
      "version": "2.4.2",
      "resolved": "https://registry.npmjs.org/domhandler/-/domhandler-2.4.2.tgz",
      "integrity": "sha512-JiK04h0Ht5u/80fdLMCEmV4zkNh2BcoMFBmZ/91WtYZ8qVXSKjiw7fXMgFPnHcSZgOo3XdinHvmnDUeMf5R4wA==",
      "requires": {
        "domelementtype": "1"
      }
    },
    "domutils": {
      "version": "1.7.0",
      "resolved": "https://registry.npmjs.org/domutils/-/domutils-1.7.0.tgz",
      "integrity": "sha512-Lgd2XcJ/NjEw+7tFvfKxOzCYKZsdct5lczQ2ZaQY8Djz7pfAD3Gbp8ySJWtreII/vDlMVmxwa6pHmdxIYgttDg==",
      "requires": {
        "dom-serializer": "0",
        "domelementtype": "1"
      }
    },
    "encoding": {
      "version": "0.1.13",
      "resolved": "https://registry.npmjs.org/encoding/-/encoding-0.1.13.tgz",
      "integrity": "sha512-ETBauow1T35Y/WZMkio9jiM0Z5xjHHmJ4XmjZOq1l/dXz3lr2sRn87nJy20RupqSh1F2m3HHPSp8ShIPQJrJ3A==",
      "requires": {
        "iconv-lite": "^0.6.2"
      }
    },
    "entities": {
      "version": "1.1.1",
      "resolved": "https://registry.npmjs.org/entities/-/entities-1.1.1.tgz",
      "integrity": "sha512-bWStsIg5+vWzgtKoA/pkAIJzRAeUatnImqcK4CyHd2KoNq3fCg/tHDoE/7e81yRq9Xg8XUSvAcsSaMCp4a3HuQ=="
    },
    "escape-string-regexp": {
      "version": "4.0.0",
      "resolved": "https://registry.npmjs.org/escape-string-regexp/-/escape-string-regexp-4.0.0.tgz",
      "integrity": "sha512-TtpcNJ3XAzx3Gq8sWRzJaVajRs0uVxA2YAkdb1jm2YkPz4G6egUFAyA3n5vtEIZefPk5Wa4UXbKuS5fKkJWdgA=="
    },
    "eventemitter2": {
      "version": "1.0.5",
      "resolved": "https://registry.npmjs.org/eventemitter2/-/eventemitter2-1.0.5.tgz",
      "integrity": "sha512-EUFhWUYzqqBZlzBMI+dPU8rnKXfQZEUnitnccQuEIAnvWFHCpt3+4fts2+4dpxLtlsiseVXCMFg37KjYChSxpg=="
    },
    "fbjs": {
      "version": "3.0.4",
      "resolved": "https://registry.npmjs.org/fbjs/-/fbjs-3.0.4.tgz",
      "integrity": "sha512-ucV0tDODnGV3JCnnkmoszb5lf4bNpzjv80K41wd4k798Etq+UYD0y0TIfalLjZoKgjive6/adkRnszwapiDgBQ==",
      "requires": {
        "cross-fetch": "^3.1.5",
        "fbjs-css-vars": "^1.0.0",
        "loose-envify": "^1.0.0",
        "object-assign": "^4.1.0",
        "promise": "^7.1.1",
        "setimmediate": "^1.0.5",
        "ua-parser-js": "^0.7.30"
      }
    },
    "fbjs-css-vars": {
      "version": "1.0.2",
      "resolved": "https://registry.npmjs.org/fbjs-css-vars/-/fbjs-css-vars-1.0.2.tgz",
      "integrity": "sha512-b2XGFAFdWZWg0phtAWLHCk836A1Xann+I+Dgd3Gk64MHKZO44FfoD1KxyvbSh0qZsIoXQGGlVztIY+oitJPpRQ=="
    },
    "filter-obj": {
      "version": "1.1.0",
      "resolved": "https://registry.npmjs.org/filter-obj/-/filter-obj-1.1.0.tgz",
      "integrity": "sha512-8rXg1ZnX7xzy2NGDVkBVaAy+lSlPNwad13BtgSlLuxfIslyt5Vg64U7tFcCt4WS1R0hvtnQybT/IyCkGZ3DpXQ=="
    },
    "hoist-non-react-statics": {
      "version": "3.3.2",
      "resolved": "https://registry.npmjs.org/hoist-non-react-statics/-/hoist-non-react-statics-3.3.2.tgz",
      "integrity": "sha512-/gGivxi8JPKWNm/W0jSmzcMPpfpPLc3dY/6GxhX2hQ9iGj3aDfklV4ET7NjKpSinLpJ5vafa9iiGIEZg10SfBw==",
      "requires": {
        "react-is": "^16.7.0"
      }
    },
    "htmlparser2-without-node-native": {
      "version": "3.9.2",
      "resolved": "https://registry.npmjs.org/htmlparser2-without-node-native/-/htmlparser2-without-node-native-3.9.2.tgz",
      "integrity": "sha512-+FplQXqmY5fRx6vCIp2P5urWaoBCpTNJMXnKP/6mNCcyb+AZWWJzA8D03peXfozlxDL+vpgLK5dJblqEgu8j6A==",
      "requires": {
        "domelementtype": "^1.3.0",
        "domhandler": "^2.3.0",
        "domutils": "^1.5.1",
        "entities": "^1.1.1",
        "eventemitter2": "^1.0.0",
        "inherits": "^2.0.1",
        "readable-stream": "^2.0.2"
      }
    },
    "iconv-lite": {
      "version": "0.6.3",
      "resolved": "https://registry.npmjs.org/iconv-lite/-/iconv-lite-0.6.3.tgz",
      "integrity": "sha512-4fCk79wshMdzMp2rH06qWrJE4iolqLhCUH+OiuIgU++RB0+94NlDL81atO7GX55uUKueo0txHNtvEyI6D7WdMw==",
      "requires": {
        "safer-buffer": ">= 2.1.2 < 3.0.0"
      }
    },
    "inherits": {
      "version": "2.0.4",
      "resolved": "https://registry.npmjs.org/inherits/-/inherits-2.0.4.tgz",
      "integrity": "sha512-k/vGaX4/Yla3WzyMCvTQOXYeIHvqOKtnqBduzTHpzpQZzAskKMhZ2K+EnBiSM9zGSoIFeMpXKxa4dYeZIQqewQ=="
    },
    "invariant": {
      "version": "2.2.4",
      "resolved": "https://registry.npmjs.org/invariant/-/invariant-2.2.4.tgz",
      "integrity": "sha512-phJfQVBuaJM5raOpJjSfkiD6BpbCE4Ns//LaXl6wGYtUBY83nWS6Rf9tXm2e8VaK60JEjYldbPif/A2B1C2gNA==",
      "requires": {
        "loose-envify": "^1.0.0"
      }
    },
    "is-arrayish": {
      "version": "0.3.2",
      "resolved": "https://registry.npmjs.org/is-arrayish/-/is-arrayish-0.3.2.tgz",
      "integrity": "sha512-eVRqCvVlZbuw3GrM63ovNSNAeA1K16kaR/LRY/92w0zxQ5/1YzwblUX652i4Xs9RwAGjW9d9y6X88t8OaAJfWQ=="
    },
    "is-stream": {
      "version": "1.1.0",
      "resolved": "https://registry.npmjs.org/is-stream/-/is-stream-1.1.0.tgz",
      "integrity": "sha512-uQPm8kcs47jx38atAcWTVxyltQYoPT68y9aWYdV6yWXSyW8mzSat0TL6CiWdZeCdF3KrAvpVtnHbTv4RN+rqdQ=="
    },
    "isarray": {
      "version": "1.0.0",
      "resolved": "https://registry.npmjs.org/isarray/-/isarray-1.0.0.tgz",
      "integrity": "sha512-VLghIWNM6ELQzo7zwmcg0NmTVyWKYjvIeM83yjp0wRDTmUnrM678fQbcKBo6n2CJEF0szoG//ytg+TKla89ALQ=="
    },
    "isomorphic-fetch": {
      "version": "2.2.1",
      "resolved": "https://registry.npmjs.org/isomorphic-fetch/-/isomorphic-fetch-2.2.1.tgz",
      "integrity": "sha512-9c4TNAKYXM5PRyVcwUZrF3W09nQ+sO7+jydgs4ZGW9dhsLG2VOlISJABombdQqQRXCwuYG3sYV/puGf5rp0qmA==",
      "requires": {
        "node-fetch": "^1.0.1",
        "whatwg-fetch": ">=0.10.0"
      },
      "dependencies": {
        "node-fetch": {
          "version": "1.7.3",
          "resolved": "https://registry.npmjs.org/node-fetch/-/node-fetch-1.7.3.tgz",
          "integrity": "sha512-NhZ4CsKx7cYm2vSrBAr2PvFOe6sWDf0UYLRqA6svUYg7+/TSfVAu49jYC4BvQ4Sms9SZgdqGBgroqfDhJdTyKQ==",
          "requires": {
            "encoding": "^0.1.11",
            "is-stream": "^1.0.1"
          }
        }
      }
    },
    "js-tokens": {
      "version": "4.0.0",
      "resolved": "https://registry.npmjs.org/js-tokens/-/js-tokens-4.0.0.tgz",
      "integrity": "sha512-RdJUflcE3cUzKiMqQgsCu06FPu9UdIJO0beYbPhHN4k6apgJtifcoCtT9bcxOpYBtpD2kCM6Sbzg4CausW/PKQ=="
    },
    "lodash": {
      "version": "4.17.21",
      "resolved": "https://registry.npmjs.org/lodash/-/lodash-4.17.21.tgz",
      "integrity": "sha512-v2kDEe57lecTulaDIuNTPy3Ry4gLGJ6Z1O3vE1krgXZNrsQ+LFTGHVxVjcXPs17LhbZVGedAJv8XZ1tvj5FvSg=="
    },
    "loose-envify": {
      "version": "1.4.0",
      "resolved": "https://registry.npmjs.org/loose-envify/-/loose-envify-1.4.0.tgz",
      "integrity": "sha512-lyuxPGr/Wfhrlem2CL/UcnUc1zcqKAImBDzukY7Y5F/yQiNdko6+fRLevlw1HgMySw7f611UIY408EtxRSoK3Q==",
      "requires": {
        "js-tokens": "^3.0.0 || ^4.0.0"
      }
    },
    "lottie-ios": {
      "version": "3.1.3",
      "resolved": "https://registry.npmjs.org/lottie-ios/-/lottie-ios-3.1.3.tgz",
      "integrity": "sha512-FKSx9l5Ekwm1Wt/ncoCwvsq8NAb1nylzMFlxrHixLYNBtO2eCQet+vwQag+74Nc/E9Lp3DKkBUCyBfz+zjtmAw=="
    },
    "lottie-react-native": {
      "version": "3.5.0",
      "resolved": "https://registry.npmjs.org/lottie-react-native/-/lottie-react-native-3.5.0.tgz",
      "integrity": "sha512-yKYj58xynDAG/BqJUhg9LTATBqwD4ATGXJKL2Ho6g4BTmPexOjDBNnPSeRBwjlpBxQ1nP4Qw//0zbuFsTFD1TA==",
      "requires": {
        "invariant": "^2.2.2",
        "lottie-ios": "^3.1.8",
        "prop-types": "^15.5.10",
        "react-native-safe-modules": "^1.0.0"
      },
      "dependencies": {
        "lottie-ios": {
          "version": "3.5.0",
          "resolved": "https://registry.npmjs.org/lottie-ios/-/lottie-ios-3.5.0.tgz",
          "integrity": "sha512-DM6BYLhHTzvUsK89AjY+K9RwVGkOBwbH/iytjyZUmFbXz8DVsoPEyy+c7L5NZmVouZHvLnOQp6NaYTkwMo+iOg=="
        }
      }
    },
    "mdn-data": {
      "version": "2.0.14",
      "resolved": "https://registry.npmjs.org/mdn-data/-/mdn-data-2.0.14.tgz",
      "integrity": "sha512-dn6wd0uw5GsdswPFfsgMp5NSB0/aDe6fK94YJV/AJDYXL6HVLWBsxeq7js7Ad+mU2K9LAlwpk6kN2D5mwCPVow=="
    },
    "moment": {
      "version": "2.29.4",
      "resolved": "https://registry.npmjs.org/moment/-/moment-2.29.4.tgz",
      "integrity": "sha512-5LC9SOxjSc2HF6vO2CyuTDNivEdoz2IvyJJGj6X8DJ0eFyfszE0QiEd+iXmBvUP3WHxSjFH/vIsA0EN00cgr8w=="
    },
    "nanoid": {
      "version": "3.3.4",
      "resolved": "https://registry.npmjs.org/nanoid/-/nanoid-3.3.4.tgz",
      "integrity": "sha512-MqBkQh/OHTS2egovRtLk45wEyNXwF+cokD+1YPf9u5VfJiRdAiRwB2froX5Co9Rh20xs4siNPm8naNotSD6RBw=="
    },
    "node-fetch": {
      "version": "2.6.7",
      "resolved": "https://registry.npmjs.org/node-fetch/-/node-fetch-2.6.7.tgz",
      "integrity": "sha512-ZjMPFEfVx5j+y2yF35Kzx5sF7kDzxuDj6ziH4FFbOp87zKDZNx8yExJIb05OGF4Nlt9IHFIMBkRl41VdvcNdbQ==",
      "requires": {
        "whatwg-url": "^5.0.0"
      }
    },
    "nth-check": {
      "version": "1.0.2",
      "resolved": "https://registry.npmjs.org/nth-check/-/nth-check-1.0.2.tgz",
      "integrity": "sha512-WeBOdju8SnzPN5vTUJYxYUxLeXpCaVP5i5e0LF8fg7WORF2Wd7wFX/pk0tYZk7s8T+J7VLy0Da6J1+wCT0AtHg==",
      "requires": {
        "boolbase": "~1.0.0"
      }
    },
    "object-assign": {
      "version": "4.1.1",
      "resolved": "https://registry.npmjs.org/object-assign/-/object-assign-4.1.1.tgz",
      "integrity": "sha512-rJgTQnkUnH1sFw8yT6VSU3zD3sWmu6sZhIseY8VX+GRu3P6F7Fu+JNDoXfklElbLJSnc3FUQHVe4cU5hj+BcUg=="
    },
    "process-nextick-args": {
      "version": "2.0.1",
      "resolved": "https://registry.npmjs.org/process-nextick-args/-/process-nextick-args-2.0.1.tgz",
      "integrity": "sha512-3ouUOpQhtgrbOa17J7+uxOTpITYWaGP7/AhoR3+A+/1e9skrzelGi/dXzEYyvbxubEF6Wn2ypscTKiKJFFn1ag=="
    },
    "promise": {
      "version": "7.3.1",
      "resolved": "https://registry.npmjs.org/promise/-/promise-7.3.1.tgz",
      "integrity": "sha512-nolQXZ/4L+bP/UGlkfaIujX9BKxGwmQ9OT4mOt5yvy8iK1h3wqTEJCijzGANTCCl9nWjY41juyAn2K3Q1hLLTg==",
      "requires": {
        "asap": "~2.0.3"
      }
    },
    "prop-types": {
      "version": "15.8.1",
      "resolved": "https://registry.npmjs.org/prop-types/-/prop-types-15.8.1.tgz",
      "integrity": "sha512-oj87CgZICdulUohogVAR7AjlC0327U4el4L6eAvOqCeudMDVU0NThNaV+b9Df4dXgSP1gXMTnPdhfe/2qDH5cg==",
      "requires": {
        "loose-envify": "^1.4.0",
        "object-assign": "^4.1.1",
        "react-is": "^16.13.1"
      }
    },
    "query-string": {
      "version": "6.14.1",
      "resolved": "https://registry.npmjs.org/query-string/-/query-string-6.14.1.tgz",
      "integrity": "sha512-XDxAeVmpfu1/6IjyT/gXHOl+S0vQ9owggJ30hhWKdHAsNPOcasn5o9BW0eejZqL2e4vMjhAxoW3jVHcD6mbcYw==",
      "requires": {
        "decode-uri-component": "^0.2.0",
        "filter-obj": "^1.1.0",
        "split-on-first": "^1.0.0",
        "strict-uri-encode": "^2.0.0"
      }
    },
    "react-addons-shallow-compare": {
      "version": "15.6.3",
      "resolved": "https://registry.npmjs.org/react-addons-shallow-compare/-/react-addons-shallow-compare-15.6.3.tgz",
      "integrity": "sha512-EDJbgKTtGRLhr3wiGDXK/+AEJ59yqGS+tKE6mue0aNXT6ZMR7VJbbzIiT6akotmHg1BLj46ElJSb+NBMp80XBg==",
      "requires": {
        "object-assign": "^4.1.0"
      }
    },
    "react-is": {
      "version": "16.13.1",
      "resolved": "https://registry.npmjs.org/react-is/-/react-is-16.13.1.tgz",
      "integrity": "sha512-24e6ynE2H+OKt4kqsOvNd8kBpV65zoxbA4BVsEOB3ARVWQki/DHzaUoC5KuON/BiccDaCCTZBuOcfZs70kR8bQ=="
    },
    "react-native-camera-kit": {
      "version": "8.0.4",
      "resolved": "https://registry.npmjs.org/react-native-camera-kit/-/react-native-camera-kit-8.0.4.tgz",
      "integrity": "sha512-nzjZVufIF9gnSklufJhpALJP1Ghaj3/fDMYcm4Bvzbq6PAA0CqogX448C7TRWYOqGsE/jFcKagM/J7/M4AJzhw==",
      "requires": {
        "lodash": "^4.14.2"
      }
    },
    "react-native-fast-image": {
      "version": "8.3.0",
      "resolved": "https://registry.npmjs.org/react-native-fast-image/-/react-native-fast-image-8.3.0.tgz",
      "integrity": "sha512-b0uhUEXKuIWY1WFai30i4LR99kF8OKoOjl6Yqcnc/bydkuE1r7oj0eUNifa7jwD4Pdpeff+uGMrEz27UMap0yQ=="
    },
    "react-native-gesture-handler": {
      "version": "1.10.3",
      "resolved": "https://registry.npmjs.org/react-native-gesture-handler/-/react-native-gesture-handler-1.10.3.tgz",
      "integrity": "sha512-cBGMi1IEsIVMgoox4RvMx7V2r6bNKw0uR1Mu1o7NbuHS6BRSVLq0dP34l2ecnPlC+jpWd3le6Yg1nrdCjby2Mw==",
      "requires": {
        "@egjs/hammerjs": "^2.0.17",
        "fbjs": "^3.0.0",
        "hoist-non-react-statics": "^3.3.0",
        "invariant": "^2.2.4",
        "prop-types": "^15.7.2"
      }
    },
    "react-native-image-pan-zoom": {
      "version": "2.1.12",
      "resolved": "https://registry.npmjs.org/react-native-image-pan-zoom/-/react-native-image-pan-zoom-2.1.12.tgz",
      "integrity": "sha512-BF66XeP6dzuANsPmmFsJshM2Jyh/Mo1t8FsGc1L9Q9/sVP8MJULDabB1hms+eAoqgtyhMr5BuXV3E1hJ5U5H6Q=="
    },
    "react-native-iphone-x-helper": {
      "version": "1.3.1",
      "resolved": "https://registry.npmjs.org/react-native-iphone-x-helper/-/react-native-iphone-x-helper-1.3.1.tgz",
      "integrity": "sha512-HOf0jzRnq2/aFUcdCJ9w9JGzN3gdEg0zFE4FyYlp4jtidqU03D5X7ZegGKfT1EWteR0gPBGp9ye5T5FvSWi9Yg=="
    },
    "react-native-keyboard-aware-scroll-view": {
      "version": "0.9.5",
      "resolved": "https://registry.npmjs.org/react-native-keyboard-aware-scroll-view/-/react-native-keyboard-aware-scroll-view-0.9.5.tgz",
      "integrity": "sha512-XwfRn+T/qBH9WjTWIBiJD2hPWg0yJvtaEw6RtPCa5/PYHabzBaWxYBOl0usXN/368BL1XktnZPh8C2lmTpOREA==",
      "requires": {
        "prop-types": "^15.6.2",
        "react-native-iphone-x-helper": "^1.0.3"
      }
    },
    "react-native-linear-gradient": {
      "version": "2.5.6",
      "resolved": "https://registry.npmjs.org/react-native-linear-gradient/-/react-native-linear-gradient-2.5.6.tgz",
      "integrity": "sha512-HDwEaXcQIuXXCV70O+bK1rizFong3wj+5Q/jSyifKFLg0VWF95xh8XQgfzXwtq0NggL9vNjPKXa016KuFu+VFg=="
    },
    "react-native-progress": {
      "version": "4.1.2",
      "resolved": "https://registry.npmjs.org/react-native-progress/-/react-native-progress-4.1.2.tgz",
      "integrity": "sha512-sFHs6k6npWDOyvQoL2NeyOyHb+q1s8iOAOeyzoObN77zkxOAsgJt9FcSJLRq70Mw7qSGNJMFDqCgvYR1huYRwQ==",
      "requires": {
        "@react-native-community/art": "^1.1.2",
        "prop-types": "^15.7.2"
      }
    },
    "react-native-reanimated": {
      "version": "1.13.4",
      "resolved": "https://registry.npmjs.org/react-native-reanimated/-/react-native-reanimated-1.13.4.tgz",
      "integrity": "sha512-sFbZFh0WanKTa0Fz7GXCZUjWpk/u04ytprcIs4Kb+ijfQHChXva3m3yQZfvbrhRbABJNHrdeuyDgJxDM2mcBgw==",
      "requires": {
        "fbjs": "^1.0.0"
      },
      "dependencies": {
        "fbjs": {
          "version": "1.0.0",
          "resolved": "https://registry.npmjs.org/fbjs/-/fbjs-1.0.0.tgz",
          "integrity": "sha512-MUgcMEJaFhCaF1QtWGnmq9ZDRAzECTCRAF7O6UZIlAlkTs1SasiX9aP0Iw7wfD2mJ7wDTNfg2w7u5fSCwJk1OA==",
          "requires": {
            "core-js": "^2.4.1",
            "fbjs-css-vars": "^1.0.0",
            "isomorphic-fetch": "^2.1.1",
            "loose-envify": "^1.0.0",
            "object-assign": "^4.1.0",
            "promise": "^7.1.1",
            "setimmediate": "^1.0.5",
            "ua-parser-js": "^0.7.18"
          }
        }
      }
    },
    "react-native-root-siblings": {
      "version": "3.2.3",
      "resolved": "https://registry.npmjs.org/react-native-root-siblings/-/react-native-root-siblings-3.2.3.tgz",
      "integrity": "sha512-wOCCtKJteaSIW3K++hzhkfdWRikTqjrG34DnhNDVSzKatuNQyFY1fPBD1YFT/3+kxOIUmNsJdiaPMao9QgoZMA==",
      "requires": {
        "prop-types": "^15.6.2",
        "static-container": "^1.0.0"
      }
    },
    "react-native-safe-area-context": {
      "version": "0.6.4",
      "resolved": "https://registry.npmjs.org/react-native-safe-area-context/-/react-native-safe-area-context-0.6.4.tgz",
      "integrity": "sha512-xj8Mv8ZHfc8RquBgVYt+4+nOJaexTblLsQJpyx4Dh4qFUG+3QtbNlfOF7/ITj/qY5LNdlfafKoDsVgFz0WIU1w=="
    },
    "react-native-safe-modules": {
      "version": "1.0.3",
      "resolved": "https://registry.npmjs.org/react-native-safe-modules/-/react-native-safe-modules-1.0.3.tgz",
      "integrity": "sha512-DUxti4Z+AgJ/ZsO5U7p3uSCUBko8JT8GvFlCeOXk9bMd+4qjpoDvMYpfbixXKgL88M+HwmU/KI1YFN6gsQZyBA==",
      "requires": {
        "dedent": "^0.6.0"
      }
    },
    "react-native-screens": {
      "version": "2.4.0",
      "resolved": "https://registry.npmjs.org/react-native-screens/-/react-native-screens-2.4.0.tgz",
      "integrity": "sha512-7GcXlaj7IIrM4l5Ub7BPTkNQJ2slHGt2bhmfWmW73NTXEv+7pjHlp+JpQO32Yn+O8UQGPFf0rsesfYUdER7ppQ==",
      "requires": {
        "debounce": "^1.2.0"
      }
    },
    "react-native-svg": {
      "version": "11.0.1",
      "resolved": "https://registry.npmjs.org/react-native-svg/-/react-native-svg-11.0.1.tgz",
      "integrity": "sha512-XriIwSoe9eTtKyqxpNC6POSOqmXAB9mZQOm5tMoaimEqQOMfzgYrBoF9nY6VPGmaH5dRlWBqnnBf389APiZFcQ==",
      "requires": {
        "css-select": "^2.1.0",
        "css-tree": "^1.0.0-alpha.39"
      }
    },
    "readable-stream": {
      "version": "2.3.8",
      "resolved": "https://registry.npmjs.org/readable-stream/-/readable-stream-2.3.8.tgz",
      "integrity": "sha512-8p0AUk4XODgIewSi0l8Epjs+EVnWiK7NoDIEGU0HhE7+ZyY8D1IMY7odu5lRrFXGg71L15KG8QrPmum45RTtdA==",
      "requires": {
        "core-util-is": "~1.0.0",
        "inherits": "~2.0.3",
        "isarray": "~1.0.0",
        "process-nextick-args": "~2.0.0",
        "safe-buffer": "~5.1.1",
        "string_decoder": "~1.1.1",
        "util-deprecate": "~1.0.1"
      }
    },
    "safe-buffer": {
      "version": "5.1.2",
      "resolved": "https://registry.npmjs.org/safe-buffer/-/safe-buffer-5.1.2.tgz",
      "integrity": "sha512-Gd2UZBJDkXlY7GbJxfsE8/nvKkUEU1G38c1siN6QP6a9PT9MmHB8GnpscSmMJSoF8LOIrt8ud/wPtojys4G6+g=="
    },
    "safer-buffer": {
      "version": "2.1.2",
      "resolved": "https://registry.npmjs.org/safer-buffer/-/safer-buffer-2.1.2.tgz",
      "integrity": "sha512-YZo3K82SD7Riyi0E1EQPojLz7kpepnSQI9IyPbHHg1XXXevb5dJI7tpyN2ADxGcQbHG7vcyRHk0cbwqcQriUtg=="
    },
    "setimmediate": {
      "version": "1.0.5",
      "resolved": "https://registry.npmjs.org/setimmediate/-/setimmediate-1.0.5.tgz",
      "integrity": "sha512-MATJdZp8sLqDl/68LfQmbP8zKPLQNV6BIZoIgrscFDQ+RsvK/BxeDQOgyxKKoh0y/8h3BqVFnCqQ/gd+reiIXA=="
    },
    "simple-swizzle": {
      "version": "0.2.2",
      "resolved": "https://registry.npmjs.org/simple-swizzle/-/simple-swizzle-0.2.2.tgz",
      "integrity": "sha512-JA//kQgZtbuY83m+xT+tXJkmJncGMTFT+C+g2h2R9uxkYIrE2yy9sgmcLhCnw57/WSD+Eh3J97FPEDFnbXnDUg==",
      "requires": {
        "is-arrayish": "^0.3.1"
      }
    },
    "source-map": {
      "version": "0.6.1",
      "resolved": "https://registry.npmjs.org/source-map/-/source-map-0.6.1.tgz",
      "integrity": "sha512-UjgapumWlbMhkBgzT7Ykc5YXUT46F0iKu8SGXq0bcwP5dz/h0Plj6enJqjz1Zbq2l5WaqYnrVbwWOWMyF3F47g=="
    },
    "split-on-first": {
      "version": "1.1.0",
      "resolved": "https://registry.npmjs.org/split-on-first/-/split-on-first-1.1.0.tgz",
      "integrity": "sha512-43ZssAJaMusuKWL8sKUBQXHWOpq8d6CfN/u1p4gUzfJkM05C8rxTmYrkIPTXapZpORA6LkkzcUulJ8FqA7Uudw=="
    },
    "static-container": {
      "version": "1.7.1",
      "resolved": "https://registry.npmjs.org/static-container/-/static-container-1.7.1.tgz",
      "integrity": "sha512-rsUMpoUZ4sHsFyy+Wp9Kqnv3HU+LD5ShPRd+ocg8US9juKckq+7VgDEK+ZbG8sQ1EOaw2LBpF8XLwpozqGHGBQ=="
    },
    "strict-uri-encode": {
      "version": "2.0.0",
      "resolved": "https://registry.npmjs.org/strict-uri-encode/-/strict-uri-encode-2.0.0.tgz",
      "integrity": "sha512-QwiXZgpRcKkhTj2Scnn++4PKtWsH0kpzZ62L2R6c/LUVYv7hVnZqcg2+sMuT6R7Jusu1vviK/MFsu6kNJfWlEQ=="
    },
    "string_decoder": {
      "version": "1.1.1",
      "resolved": "https://registry.npmjs.org/string_decoder/-/string_decoder-1.1.1.tgz",
      "integrity": "sha512-n/ShnvDi6FHbbVfviro+WojiFzv+s8MPMHBczVePfUpDJLwoLT0ht1l4YwBCbi8pJAveEEdnkHyPyTP/mzRfwg==",
      "requires": {
        "safe-buffer": "~5.1.0"
      }
    },
    "tr46": {
      "version": "0.0.3",
      "resolved": "https://registry.npmjs.org/tr46/-/tr46-0.0.3.tgz",
      "integrity": "sha512-N3WMsuqV66lT30CrXNbEjx4GEwlow3v6rr4mCcv6prnfwhS01rkgyFdjPNBYd9br7LpXV1+Emh01fHnq2Gdgrw=="
    },
    "ua-parser-js": {
      "version": "0.7.34",
      "resolved": "https://registry.npmjs.org/ua-parser-js/-/ua-parser-js-0.7.34.tgz",
      "integrity": "sha512-cJMeh/eOILyGu0ejgTKB95yKT3zOenSe9UGE3vj6WfiOwgGYnmATUsnDixMFvdU+rNMvWih83hrUP8VwhF9yXQ=="
    },
    "use-subscription": {
      "version": "1.8.0",
      "resolved": "https://registry.npmjs.org/use-subscription/-/use-subscription-1.8.0.tgz",
      "integrity": "sha512-LISuG0/TmmoDoCRmV5XAqYkd3UCBNM0ML3gGBndze65WITcsExCD3DTvXXTLyNcOC0heFQZzluW88bN/oC1DQQ==",
      "requires": {
        "use-sync-external-store": "^1.2.0"
      }
    },
    "use-sync-external-store": {
      "version": "1.2.0",
      "resolved": "https://registry.npmjs.org/use-sync-external-store/-/use-sync-external-store-1.2.0.tgz",
      "integrity": "sha512-eEgnFxGQ1Ife9bzYs6VLi8/4X6CObHMw9Qr9tPY43iKwsPw8xE8+EFsf/2cFZ5S3esXgpWgtSCtLNS41F+sKPA=="
    },
    "util-deprecate": {
      "version": "1.0.2",
      "resolved": "https://registry.npmjs.org/util-deprecate/-/util-deprecate-1.0.2.tgz",
      "integrity": "sha512-EPD5q1uXyFxJpCrLnCc1nHnq3gOa6DZBocAIiI2TaSCA7VCJ1UJDMagCzIkXNsUYfD1daK//LTEQ8xiIbrHtcw=="
    },
    "webidl-conversions": {
      "version": "3.0.1",
      "resolved": "https://registry.npmjs.org/webidl-conversions/-/webidl-conversions-3.0.1.tgz",
      "integrity": "sha512-2JAn3z8AR6rjK8Sm8orRC0h/bcl/DqL7tRPdGZ4I1CjdF+EaMLmYxBHyXuKL849eucPFhvBoxMsflfOb8kxaeQ=="
    },
    "whatwg-fetch": {
      "version": "3.6.2",
      "resolved": "https://registry.npmjs.org/whatwg-fetch/-/whatwg-fetch-3.6.2.tgz",
      "integrity": "sha512-bJlen0FcuU/0EMLrdbJ7zOnW6ITZLrZMIarMUVmdKtsGvZna8vxKYaexICWPfZ8qwf9fzNq+UEIZrnSaApt6RA=="
    },
    "whatwg-url": {
      "version": "5.0.0",
      "resolved": "https://registry.npmjs.org/whatwg-url/-/whatwg-url-5.0.0.tgz",
      "integrity": "sha512-saE57nupxk6v3HY35+jzBwYa0rKSy0XR8JSxZPwgLr7ys0IBzhGviA1/TUGJLmSVqs8pb9AnvICXEuOHLprYTw==",
      "requires": {
        "tr46": "~0.0.3",
        "webidl-conversions": "^3.0.0"
      }
    }
  }
}
